
Microsoft Visual Studio Solution File, Format Version 12.00
# Visual Studio Version 17
VisualStudioVersion = 17.0.31919.166
MinimumVisualStudioVersion = 10.0.40219.1
Project("{8BC9CEB8-8B4A-11D0-8D11-00A0C91BC942}") = "smallcock", "smallcock\smallcock.vcxproj", "{FDCA38AF-29F7-42F6-BF62-A1614C54EB5E}"
EndProject
Global
	GlobalSection(SolutionConfigurationPlatforms) = preSolution
		Debug|x64 = Debug|x64
		Debug|x86 = Debug|x86
		Release|x64 = Release|x64
		Release|x86 = Release|x86
	EndGlobalSection
	GlobalSection(ProjectConfigurationPlatforms) = postSolution
		{FDCA38AF-29F7-42F6-BF62-A1614C54EB5E}.Debug|x64.ActiveCfg = Debug|x64
		{FDCA38AF-29F7-42F6-BF62-A1614C54EB5E}.Debug|x64.Build.0 = Debug|x64
		{FDCA38AF-29F7-42F6-BF62-A1614C54EB5E}.Debug|x86.ActiveCfg = Debug|Win32
		{FDCA38AF-29F7-42F6-BF62-A1614C54EB5E}.Debug|x86.Build.0 = Debug|Win32
		{FDCA38AF-29F7-42F6-BF62-A1614C54EB5E}.Release|x64.ActiveCfg = Release|x64
		{FDCA38AF-29F7-42F6-BF62-A1614C54EB5E}.Release|x64.Build.0 = Release|x64
		{FDCA38AF-29F7-42F6-BF62-A1614C54EB5E}.Release|x86.ActiveCfg = Release|Win32
		{FDCA38AF-29F7-42F6-BF62-A1614C54EB5E}.Release|x86.Build.0 = Release|Win32
	EndGlobalSection
	GlobalSection(SolutionProperties) = preSolution
		HideSolutionNode = FALSE
	EndGlobalSection
	GlobalSection(ExtensibilityGlobals) = postSolution
		SolutionGuid = {F769FCAB-2078-4DF5-83F6-7D79C128B56E}
	EndGlobalSection
EndGlobal
